// !$*UTF8*$!
{
	archiveVersion = 1;
	classes = {
	};
	objectVersion = 50;
	objects = {

/* Begin PBXBuildFile section */
		04FBF1E023050E6100D43FE9 /* main.cpp in Sources */ = {isa = PBXBuildFile; fileRef = 04FBF1DF23050E6100D43FE9 /* main.cpp */; };
		04FBF1E323050E7400D43FE9 /* libglfw3.a in Frameworks */ = {isa = PBXBuildFile; fileRef = 04FBF1E223050E7400D43FE9 /* libglfw3.a */; };
		04FBF1E523050E7E00D43FE9 /* OpenGL.framework in Frameworks */ = {isa = PBXBuildFile; fileRef = 04FBF1E423050E7E00D43FE9 /* OpenGL.framework */; };
		04FBF1E723050FB700D43FE9 /* IOKit.framework in Frameworks */ = {isa = PBXBuildFile; fileRef = 04FBF1E623050FB700D43FE9 /* IOKit.framework */; };
		04FBF1E923050FBE00D43FE9 /* AppKit.framework in Frameworks */ = {isa = PBXBuildFile; fileRef = 04FBF1E823050FBE00D43FE9 /* AppKit.framework */; };
		04FBF1EB23050FC500D43FE9 /* CoreGraphics.framework in Frameworks */ = {isa = PBXBuildFile; fileRef = 04FBF1EA23050FC500D43FE9 /* CoreGraphics.framework */; };
		04FBF1ED23050FCE00D43FE9 /* CoreVideo.framework in Frameworks */ = {isa = PBXBuildFile; fileRef = 04FBF1EC23050FCE00D43FE9 /* CoreVideo.framework */; };
		04FBF1FF23054B4200D43FE9 /* OpenGL.framework in Frameworks */ = {isa = PBXBuildFile; fileRef = 04FBF1E423050E7E00D43FE9 /* OpenGL.framework */; };
		04FBF20023054B5600D43FE9 /* libglfw3.a in Frameworks */ = {isa = PBXBuildFile; fileRef = 04FBF1E223050E7400D43FE9 /* libglfw3.a */; };
		04FBF20223054BB100D43FE9 /* main.cpp in Sources */ = {isa = PBXBuildFile; fileRef = 04FBF20123054BB100D43FE9 /* main.cpp */; };
		04FBF20423054FE500D43FE9 /* CoreGraphics.framework in Frameworks */ = {isa = PBXBuildFile; fileRef = 04FBF1EA23050FC500D43FE9 /* CoreGraphics.framework */; };
		04FBF2092305500E00D43FE9 /* IOKit.framework in Frameworks */ = {isa = PBXBuildFile; fileRef = 04FBF1E623050FB700D43FE9 /* IOKit.framework */; };
		04FBF20C2305503200D43FE9 /* CoreVideo.framework in Frameworks */ = {isa = PBXBuildFile; fileRef = 04FBF1EC23050FCE00D43FE9 /* CoreVideo.framework */; };
		04FBF20D2305504700D43FE9 /* AppKit.framework in Frameworks */ = {isa = PBXBuildFile; fileRef = 04FBF1E823050FBE00D43FE9 /* AppKit.framework */; };
/* End PBXBuildFile section */

/* Begin PBXCopyFilesBuildPhase section */
		04FBF1CA23050D7900D43FE9 /* CopyFiles */ = {
			isa = PBXCopyFilesBuildPhase;
			buildActionMask = 2147483647;
			dstPath = /usr/share/man/man1/;
			dstSubfolderSpec = 0;
			files = (
			);
			runOnlyForDeploymentPostprocessing = 1;
		};
		04FBF1F423054AE600D43FE9 /* CopyFiles */ = {
			isa = PBXCopyFilesBuildPhase;
			buildActionMask = 2147483647;
			dstPath = /usr/share/man/man1/;
			dstSubfolderSpec = 0;
			files = (
			);
			runOnlyForDeploymentPostprocessing = 1;
		};
/* End PBXCopyFilesBuildPhase section */

/* Begin PBXFileReference section */
		04FBF1CC23050D7900D43FE9 /* GLTest */ = {isa = PBXFileReference; explicitFileType = "compiled.mach-o.executable"; includeInIndex = 0; path = GLTest; sourceTree = BUILT_PRODUCTS_DIR; };
		04FBF1D823050E6100D43FE9 /* glew.h */ = {isa = PBXFileReference; fileEncoding = 4; lastKnownFileType = sourcecode.c.h; path = glew.h; sourceTree = "<group>"; };
		04FBF1D923050E6100D43FE9 /* glxew.h */ = {isa = PBXFileReference; fileEncoding = 4; lastKnownFileType = sourcecode.c.h; path = glxew.h; sourceTree = "<group>"; };
		04FBF1DA23050E6100D43FE9 /* wglew.h */ = {isa = PBXFileReference; fileEncoding = 4; lastKnownFileType = sourcecode.c.h; path = wglew.h; sourceTree = "<group>"; };
		04FBF1DC23050E6100D43FE9 /* glfw3.h */ = {isa = PBXFileReference; fileEncoding = 4; lastKnownFileType = sourcecode.c.h; path = glfw3.h; sourceTree = "<group>"; };
		04FBF1DD23050E6100D43FE9 /* glfw3native.h */ = {isa = PBXFileReference; fileEncoding = 4; lastKnownFileType = sourcecode.c.h; path = glfw3native.h; sourceTree = "<group>"; };
		04FBF1DF23050E6100D43FE9 /* main.cpp */ = {isa = PBXFileReference; fileEncoding = 4; lastKnownFileType = sourcecode.cpp.cpp; path = main.cpp; sourceTree = "<group>"; };
		04FBF1E223050E7400D43FE9 /* libglfw3.a */ = {isa = PBXFileReference; lastKnownFileType = archive.ar; name = libglfw3.a; path = GLTest/libglfw3.a; sourceTree = "<group>"; };
		04FBF1E423050E7E00D43FE9 /* OpenGL.framework */ = {isa = PBXFileReference; lastKnownFileType = wrapper.framework; name = OpenGL.framework; path = System/Library/Frameworks/OpenGL.framework; sourceTree = SDKROOT; };
		04FBF1E623050FB700D43FE9 /* IOKit.framework */ = {isa = PBXFileReference; lastKnownFileType = wrapper.framework; name = IOKit.framework; path = System/Library/Frameworks/IOKit.framework; sourceTree = SDKROOT; };
		04FBF1E823050FBE00D43FE9 /* AppKit.framework */ = {isa = PBXFileReference; lastKnownFileType = wrapper.framework; name = AppKit.framework; path = System/Library/Frameworks/AppKit.framework; sourceTree = SDKROOT; };
		04FBF1EA23050FC500D43FE9 /* CoreGraphics.framework */ = {isa = PBXFileReference; lastKnownFileType = wrapper.framework; name = CoreGraphics.framework; path = System/Library/Frameworks/CoreGraphics.framework; sourceTree = SDKROOT; };
		04FBF1EC23050FCE00D43FE9 /* CoreVideo.framework */ = {isa = PBXFileReference; lastKnownFileType = wrapper.framework; name = CoreVideo.framework; path = System/Library/Frameworks/CoreVideo.framework; sourceTree = SDKROOT; };
		04FBF1F623054AE600D43FE9 /* Triangles */ = {isa = PBXFileReference; explicitFileType = "compiled.mach-o.executable"; includeInIndex = 0; path = Triangles; sourceTree = BUILT_PRODUCTS_DIR; };
		04FBF1F823054AE600D43FE9 /* main.cpp */ = {isa = PBXFileReference; lastKnownFileType = sourcecode.cpp.cpp; path = main.cpp; sourceTree = "<group>"; };
		04FBF20123054BB100D43FE9 /* main.cpp */ = {isa = PBXFileReference; lastKnownFileType = sourcecode.cpp.cpp; path = main.cpp; sourceTree = "<group>"; };
		04FBF20523054FF000D43FE9 /* CoreAudioKit.framework */ = {isa = PBXFileReference; lastKnownFileType = wrapper.framework; name = CoreAudioKit.framework; path = System/Library/Frameworks/CoreAudioKit.framework; sourceTree = SDKROOT; };
		04FBF20723054FFB00D43FE9 /* GLUT.framework */ = {isa = PBXFileReference; lastKnownFileType = wrapper.framework; name = GLUT.framework; path = System/Library/Frameworks/GLUT.framework; sourceTree = SDKROOT; };
		04FBF20A2305502100D43FE9 /* CoreAudio.framework */ = {isa = PBXFileReference; lastKnownFileType = wrapper.framework; name = CoreAudio.framework; path = System/Library/Frameworks/CoreAudio.framework; sourceTree = SDKROOT; };
/* End PBXFileReference section */

/* Begin PBXFrameworksBuildPhase section */
		04FBF1C923050D7900D43FE9 /* Frameworks */ = {
			isa = PBXFrameworksBuildPhase;
			buildActionMask = 2147483647;
			files = (
				04FBF1ED23050FCE00D43FE9 /* CoreVideo.framework in Frameworks */,
				04FBF1EB23050FC500D43FE9 /* CoreGraphics.framework in Frameworks */,
				04FBF1E923050FBE00D43FE9 /* AppKit.framework in Frameworks */,
				04FBF1E723050FB700D43FE9 /* IOKit.framework in Frameworks */,
				04FBF1E523050E7E00D43FE9 /* OpenGL.framework in Frameworks */,
				04FBF1E323050E7400D43FE9 /* libglfw3.a in Frameworks */,
			);
			runOnlyForDeploymentPostprocessing = 0;
		};
		04FBF1F323054AE600D43FE9 /* Frameworks */ = {
			isa = PBXFrameworksBuildPhase;
			buildActionMask = 2147483647;
			files = (
				04FBF20D2305504700D43FE9 /* AppKit.framework in Frameworks */,
				04FBF20C2305503200D43FE9 /* CoreVideo.framework in Frameworks */,
				04FBF2092305500E00D43FE9 /* IOKit.framework in Frameworks */,
				04FBF20423054FE500D43FE9 /* CoreGraphics.framework in Frameworks */,
				04FBF20023054B5600D43FE9 /* libglfw3.a in Frameworks */,
				04FBF1FF23054B4200D43FE9 /* OpenGL.framework in Frameworks */,
			);
			runOnlyForDeploymentPostprocessing = 0;
		};
/* End PBXFrameworksBuildPhase section */

/* Begin PBXGroup section */
		04FBF1C323050D7900D43FE9 = {
			isa = PBXGroup;
			children = (
				04FBF1CE23050D7900D43FE9 /* GLTest */,
				04FBF1F723054AE600D43FE9 /* Triangles */,
				04FBF1CD23050D7900D43FE9 /* Products */,
				04FBF1E123050E7400D43FE9 /* Frameworks */,
			);
			sourceTree = "<group>";
		};
		04FBF1CD23050D7900D43FE9 /* Products */ = {
			isa = PBXGroup;
			children = (
				04FBF1CC23050D7900D43FE9 /* GLTest */,
				04FBF1F623054AE600D43FE9 /* Triangles */,
			);
			name = Products;
			sourceTree = "<group>";
		};
		04FBF1CE23050D7900D43FE9 /* GLTest */ = {
			isa = PBXGroup;
			children = (
				04FBF1F123054A8000D43FE9 /* Triangles */,
				04FBF1DE23050E6100D43FE9 /* helloWindow */,
				04FBF1D623050E6100D43FE9 /* include */,
			);
			path = GLTest;
			sourceTree = "<group>";
		};
		04FBF1D623050E6100D43FE9 /* include */ = {
			isa = PBXGroup;
			children = (
				04FBF1D723050E6100D43FE9 /* GL */,
				04FBF1DB23050E6100D43FE9 /* GLFW */,
			);
			path = include;
			sourceTree = "<group>";
		};
		04FBF1D723050E6100D43FE9 /* GL */ = {
			isa = PBXGroup;
			children = (
				04FBF1D823050E6100D43FE9 /* glew.h */,
				04FBF1D923050E6100D43FE9 /* glxew.h */,
				04FBF1DA23050E6100D43FE9 /* wglew.h */,
			);
			path = GL;
			sourceTree = "<group>";
		};
		04FBF1DB23050E6100D43FE9 /* GLFW */ = {
			isa = PBXGroup;
			children = (
				04FBF1DC23050E6100D43FE9 /* glfw3.h */,
				04FBF1DD23050E6100D43FE9 /* glfw3native.h */,
			);
			path = GLFW;
			sourceTree = "<group>";
		};
		04FBF1DE23050E6100D43FE9 /* helloWindow */ = {
			isa = PBXGroup;
			children = (
				04FBF1DF23050E6100D43FE9 /* main.cpp */,
			);
			path = helloWindow;
			sourceTree = "<group>";
		};
		04FBF1E123050E7400D43FE9 /* Frameworks */ = {
			isa = PBXGroup;
			children = (
				04FBF20A2305502100D43FE9 /* CoreAudio.framework */,
				04FBF20723054FFB00D43FE9 /* GLUT.framework */,
				04FBF20523054FF000D43FE9 /* CoreAudioKit.framework */,
				04FBF1EC23050FCE00D43FE9 /* CoreVideo.framework */,
				04FBF1EA23050FC500D43FE9 /* CoreGraphics.framework */,
				04FBF1E823050FBE00D43FE9 /* AppKit.framework */,
				04FBF1E623050FB700D43FE9 /* IOKit.framework */,
				04FBF1E423050E7E00D43FE9 /* OpenGL.framework */,
				04FBF1E223050E7400D43FE9 /* libglfw3.a */,
			);
			name = Frameworks;
			sourceTree = "<group>";
		};
		04FBF1F123054A8000D43FE9 /* Triangles */ = {
			isa = PBXGroup;
			children = (
				04FBF20123054BB100D43FE9 /* main.cpp */,
			);
			path = Triangles;
			sourceTree = "<group>";
		};
		04FBF1F723054AE600D43FE9 /* Triangles */ = {
			isa = PBXGroup;
			children = (
				04FBF1F823054AE600D43FE9 /* main.cpp */,
			);
			path = Triangles;
			sourceTree = "<group>";
		};
/* End PBXGroup section */

/* Begin PBXNativeTarget section */
		04FBF1CB23050D7900D43FE9 /* GLTest */ = {
			isa = PBXNativeTarget;
			buildConfigurationList = 04FBF1D323050D7900D43FE9 /* Build configuration list for PBXNativeTarget "GLTest" */;
			buildPhases = (
				04FBF1C823050D7900D43FE9 /* Sources */,
				04FBF1C923050D7900D43FE9 /* Frameworks */,
				04FBF1CA23050D7900D43FE9 /* CopyFiles */,
			);
			buildRules = (
			);
			dependencies = (
			);
			name = GLTest;
			productName = GLTest;
			productReference = 04FBF1CC23050D7900D43FE9 /* GLTest */;
			productType = "com.apple.product-type.tool";
		};
		04FBF1F523054AE600D43FE9 /* Triangles */ = {
			isa = PBXNativeTarget;
			buildConfigurationList = 04FBF1FA23054AE600D43FE9 /* Build configuration list for PBXNativeTarget "Triangles" */;
			buildPhases = (
				04FBF1F223054AE600D43FE9 /* Sources */,
				04FBF1F323054AE600D43FE9 /* Frameworks */,
				04FBF1F423054AE600D43FE9 /* CopyFiles */,
			);
			buildRules = (
			);
			dependencies = (
			);
			name = Triangles;
			productName = Triangles;
			productReference = 04FBF1F623054AE600D43FE9 /* Triangles */;
			productType = "com.apple.product-type.tool";
		};
/* End PBXNativeTarget section */

/* Begin PBXProject section */
		04FBF1C423050D7900D43FE9 /* Project object */ = {
			isa = PBXProject;
			attributes = {
				LastUpgradeCheck = 1020;
				ORGANIZATIONNAME = mac;
				TargetAttributes = {
					04FBF1CB23050D7900D43FE9 = {
						CreatedOnToolsVersion = 10.2.1;
					};
					04FBF1F523054AE600D43FE9 = {
						CreatedOnToolsVersion = 10.2.1;
					};
				};
			};
			buildConfigurationList = 04FBF1C723050D7900D43FE9 /* Build configuration list for PBXProject "GLTest" */;
			compatibilityVersion = "Xcode 9.3";
			developmentRegion = en;
			hasScannedForEncodings = 0;
			knownRegions = (
				en,
			);
			mainGroup = 04FBF1C323050D7900D43FE9;
			productRefGroup = 04FBF1CD23050D7900D43FE9 /* Products */;
			projectDirPath = "";
			projectRoot = "";
			targets = (
				04FBF1CB23050D7900D43FE9 /* GLTest */,
				04FBF1F523054AE600D43FE9 /* Triangles */,
			);
		};
/* End PBXProject section */

/* Begin PBXSourcesBuildPhase section */
		04FBF1C823050D7900D43FE9 /* Sources */ = {
			isa = PBXSourcesBuildPhase;
			buildActionMask = 2147483647;
			files = (
				04FBF1E023050E6100D43FE9 /* main.cpp in Sources */,
			);
			runOnlyForDeploymentPostprocessing = 0;
		};
		04FBF1F223054AE600D43FE9 /* Sources */ = {
			isa = PBXSourcesBuildPhase;
			buildActionMask = 2147483647;
			files = (
				04FBF20223054BB100D43FE9 /* main.cpp in Sources */,
			);
			runOnlyForDeploymentPostprocessing = 0;
		};
/* End PBXSourcesBuildPhase section */

/* Begin XCBuildConfiguration section */
		04FBF1D123050D7900D43FE9 /* Debug */ = {
			isa = XCBuildConfiguration;
			buildSettings = {
				ALWAYS_SEARCH_USER_PATHS = NO;
				CLANG_ANALYZER_NONNULL = YES;
				CLANG_ANALYZER_NUMBER_OBJECT_CONVERSION = YES_AGGRESSIVE;
				CLANG_CXX_LANGUAGE_STANDARD = "gnu++14";
				CLANG_CXX_LIBRARY = "libc++";
				CLANG_ENABLE_MODULES = YES;
				CLANG_ENABLE_OBJC_ARC = YES;
				CLANG_ENABLE_OBJC_WEAK = YES;
				CLANG_WARN_BLOCK_CAPTURE_AUTORELEASING = YES;
				CLANG_WARN_BOOL_CONVERSION = YES;
				CLANG_WARN_COMMA = YES;
				CLANG_WARN_CONSTANT_CONVERSION = YES;
				CLANG_WARN_DEPRECATED_OBJC_IMPLEMENTATIONS = YES;
				CLANG_WARN_DIRECT_OBJC_ISA_USAGE = YES_ERROR;
				CLANG_WARN_DOCUMENTATION_COMMENTS = YES;
				CLANG_WARN_EMPTY_BODY = YES;
				CLANG_WARN_ENUM_CONVERSION = YES;
				CLANG_WARN_INFINITE_RECURSION = YES;
				CLANG_WARN_INT_CONVERSION = YES;
				CLANG_WARN_NON_LITERAL_NULL_CONVERSION = YES;
				CLANG_WARN_OBJC_IMPLICIT_RETAIN_SELF = YES;
				CLANG_WARN_OBJC_LITERAL_CONVERSION = YES;
				CLANG_WARN_OBJC_ROOT_CLASS = YES_ERROR;
				CLANG_WARN_RANGE_LOOP_ANALYSIS = YES;
				CLANG_WARN_STRICT_PROTOTYPES = YES;
				CLANG_WARN_SUSPICIOUS_MOVE = YES;
				CLANG_WARN_UNGUARDED_AVAILABILITY = YES_AGGRESSIVE;
				CLANG_WARN_UNREACHABLE_CODE = YES;
				CLANG_WARN__DUPLICATE_METHOD_MATCH = YES;
				CODE_SIGN_IDENTITY = "-";
				COPY_PHASE_STRIP = NO;
				DEBUG_INFORMATION_FORMAT = dwarf;
				ENABLE_STRICT_OBJC_MSGSEND = YES;
				ENABLE_TESTABILITY = YES;
				GCC_C_LANGUAGE_STANDARD = gnu11;
				GCC_DYNAMIC_NO_PIC = NO;
				GCC_NO_COMMON_BLOCKS = YES;
				GCC_OPTIMIZATION_LEVEL = 0;
				GCC_PREPROCESSOR_DEFINITIONS = (
					"DEBUG=1",
					"$(inherited)",
				);
				GCC_WARN_64_TO_32_BIT_CONVERSION = YES;
				GCC_WARN_ABOUT_RETURN_TYPE = YES_ERROR;
				GCC_WARN_UNDECLARED_SELECTOR = YES;
				GCC_WARN_UNINITIALIZED_AUTOS = YES_AGGRESSIVE;
				GCC_WARN_UNUSED_FUNCTION = YES;
				GCC_WARN_UNUSED_VARIABLE = YES;
				MACOSX_DEPLOYMENT_TARGET = 10.14;
				MTL_ENABLE_DEBUG_INFO = INCLUDE_SOURCE;
				MTL_FAST_MATH = YES;
				ONLY_ACTIVE_ARCH = YES;
				SDKROOT = macosx;
			};
			name = Debug;
		};
		04FBF1D223050D7900D43FE9 /* Release */ = {
			isa = XCBuildConfiguration;
			buildSettings = {
				ALWAYS_SEARCH_USER_PATHS = NO;
				CLANG_ANALYZER_NONNULL = YES;
				CLANG_ANALYZER_NUMBER_OBJECT_CONVERSION = YES_AGGRESSIVE;
				CLANG_CXX_LANGUAGE_STANDARD = "gnu++14";
				CLANG_CXX_LIBRARY = "libc++";
				CLANG_ENABLE_MODULES = YES;
				CLANG_ENABLE_OBJC_ARC = YES;
				CLANG_ENABLE_OBJC_WEAK = YES;
				CLANG_WARN_BLOCK_CAPTURE_AUTORELEASING = YES;
				CLANG_WARN_BOOL_CONVERSION = YES;
				CLANG_WARN_COMMA = YES;
				CLANG_WARN_CONSTANT_CONVERSION = YES;
				CLANG_WARN_DEPRECATED_OBJC_IMPLEMENTATIONS = YES;
				CLANG_WARN_DIRECT_OBJC_ISA_USAGE = YES_ERROR;
				CLANG_WARN_DOCUMENTATION_COMMENTS = YES;
				CLANG_WARN_EMPTY_BODY = YES;
				CLANG_WARN_ENUM_CONVERSION = YES;
				CLANG_WARN_INFINITE_RECURSION = YES;
				CLANG_WARN_INT_CONVERSION = YES;
				CLANG_WARN_NON_LITERAL_NULL_CONVERSION = YES;
				CLANG_WARN_OBJC_IMPLICIT_RETAIN_SELF = YES;
				CLANG_WARN_OBJC_LITERAL_CONVERSION = YES;
				CLANG_WARN_OBJC_ROOT_CLASS = YES_ERROR;
				CLANG_WARN_RANGE_LOOP_ANALYSIS = YES;
				CLANG_WARN_STRICT_PROTOTYPES = YES;
				CLANG_WARN_SUSPICIOUS_MOVE = YES;
				CLANG_WARN_UNGUARDED_AVAILABILITY = YES_AGGRESSIVE;
				CLANG_WARN_UNREACHABLE_CODE = YES;
				CLANG_WARN__DUPLICATE_METHOD_MATCH = YES;
				CODE_SIGN_IDENTITY = "-";
				COPY_PHASE_STRIP = NO;
				DEBUG_INFORMATION_FORMAT = "dwarf-with-dsym";
				ENABLE_NS_ASSERTIONS = NO;
				ENABLE_STRICT_OBJC_MSGSEND = YES;
				GCC_C_LANGUAGE_STANDARD = gnu11;
				GCC_NO_COMMON_BLOCKS = YES;
				GCC_WARN_64_TO_32_BIT_CONVERSION = YES;
				GCC_WARN_ABOUT_RETURN_TYPE = YES_ERROR;
				GCC_WARN_UNDECLARED_SELECTOR = YES;
				GCC_WARN_UNINITIALIZED_AUTOS = YES_AGGRESSIVE;
				GCC_WARN_UNUSED_FUNCTION = YES;
				GCC_WARN_UNUSED_VARIABLE = YES;
				MACOSX_DEPLOYMENT_TARGET = 10.14;
				MTL_ENABLE_DEBUG_INFO = NO;
				MTL_FAST_MATH = YES;
				SDKROOT = macosx;
			};
			name = Release;
		};
		04FBF1D423050D7900D43FE9 /* Debug */ = {
			isa = XCBuildConfiguration;
			buildSettings = {
				CODE_SIGN_STYLE = Automatic;
				LIBRARY_SEARCH_PATHS = (
					"$(inherited)",
					"$(PROJECT_DIR)/GLTest",
				);
				OTHER_LDFLAGS = "";
				PRODUCT_NAME = "$(TARGET_NAME)";
				USER_HEADER_SEARCH_PATHS = "$(SRCROOT)/GLTest/include";
			};
			name = Debug;
		};
		04FBF1D523050D7900D43FE9 /* Release */ = {
			isa = XCBuildConfiguration;
			buildSettings = {
				CODE_SIGN_STYLE = Automatic;
				LIBRARY_SEARCH_PATHS = (
					"$(inherited)",
					"$(PROJECT_DIR)/GLTest",
				);
				OTHER_LDFLAGS = "";
				PRODUCT_NAME = "$(TARGET_NAME)";
				USER_HEADER_SEARCH_PATHS = "$(SRCROOT)/GLTest/include";
			};
			name = Release;
		};
		04FBF1FB23054AE600D43FE9 /* Debug */ = {
			isa = XCBuildConfiguration;
			buildSettings = {
				CODE_SIGN_STYLE = Automatic;
				LIBRARY_SEARCH_PATHS = (
					"$(inherited)",
					"$(PROJECT_DIR)/GLTest",
				);
				PRODUCT_NAME = "$(TARGET_NAME)";
				USER_HEADER_SEARCH_PATHS = "$(SRCROOT)/GLTest/include";
			};
			name = Debug;
		};
		04FBF1FC23054AE600D43FE9 /* Release */ = {
			isa = XCBuildConfiguration;
			buildSettings = {
				CODE_SIGN_STYLE = Automatic;
				LIBRARY_SEARCH_PATHS = (
					"$(inherited)",
					"$(PROJECT_DIR)/GLTest",
				);
				PRODUCT_NAME = "$(TARGET_NAME)";
				USER_HEADER_SEARCH_PATHS = "$(SRCROOT)/GLTest/include";
			};
			name = Release;
		};
/* End XCBuildConfiguration section */

/* Begin XCConfigurationList section */
		04FBF1C723050D7900D43FE9 /* Build configuration list for PBXProject "GLTest" */ = {
			isa = XCConfigurationList;
			buildConfigurations = (
				04FBF1D123050D7900D43FE9 /* Debug */,
				04FBF1D223050D7900D43FE9 /* Release */,
			);
			defaultConfigurationIsVisible = 0;
			defaultConfigurationName = Release;
		};
		04FBF1D323050D7900D43FE9 /* Build configuration list for PBXNativeTarget "GLTest" */ = {
			isa = XCConfigurationList;
			buildConfigurations = (
				04FBF1D423050D7900D43FE9 /* Debug */,
				04FBF1D523050D7900D43FE9 /* Release */,
			);
			defaultConfigurationIsVisible = 0;
			defaultConfigurationName = Release;
		};
		04FBF1FA23054AE600D43FE9 /* Build configuration list for PBXNativeTarget "Triangles" */ = {
			isa = XCConfigurationList;
			buildConfigurations = (
				04FBF1FB23054AE600D43FE9 /* Debug */,
				04FBF1FC23054AE600D43FE9 /* Release */,
			);
			defaultConfigurationIsVisible = 0;
			defaultConfigurationName = Release;
		};
/* End XCConfigurationList section */
	};
	rootObject = 04FBF1C423050D7900D43FE9 /* Project object */;
}
